
Microsoft Visual Studio Solution File, Format Version 12.00
# Visual Studio Version 16
VisualStudioVersion = 16.0.31424.327
MinimumVisualStudioVersion = 10.0.40219.1
Project("{FAE04EC0-301F-11D3-BF4B-00C04F79EFBC}") = "WindowsFormsApp1", "WindowsFormsApp1.csproj", "{77CB4F6C-42CC-4A6B-8EDD-28AC9234B141}"
EndProject
Global
	GlobalSection(SolutionConfigurationPlatforms) = preSolution
		Debug|Any CPU = Debug|Any CPU
		Release|Any CPU = Release|Any CPU
	EndGlobalSection
	GlobalSection(ProjectConfigurationPlatforms) = postSolution
		{77CB4F6C-42CC-4A6B-8EDD-28AC9234B141}.Debug|Any CPU.ActiveCfg = Debug|Any CPU
		{77CB4F6C-42CC-4A6B-8EDD-28AC9234B141}.Debug|Any CPU.Build.0 = Debug|Any CPU
		{77CB4F6C-42CC-4A6B-8EDD-28AC9234B141}.Release|Any CPU.ActiveCfg = Release|Any CPU
		{77CB4F6C-42CC-4A6B-8EDD-28AC9234B141}.Release|Any CPU.Build.0 = Release|Any CPU
	EndGlobalSection
	GlobalSection(SolutionProperties) = preSolution
		HideSolutionNode = FALSE
	EndGlobalSection
	GlobalSection(ExtensibilityGlobals) = postSolution
		SolutionGuid = {F11FD3C3-AE74-4DF2-BABE-4899D7777FE3}
	EndGlobalSection
EndGlobal
